
Microsoft Visual Studio Solution File, Format Version 12.00
# Visual Studio Version 16
VisualStudioVersion = 16.0.30523.141
MinimumVisualStudioVersion = 10.0.40219.1
Project("{FAE04EC0-301F-11D3-BF4B-00C04F79EFBC}") = "SomVoorgaandeGetallen", "SomVoorgaandeGetallen\SomVoorgaandeGetallen.csproj", "{7C64E643-301E-4B67-A207-2D78F53B32B5}"
EndProject
Global
	GlobalSection(SolutionConfigurationPlatforms) = preSolution
		Debug|Any CPU = Debug|Any CPU
		Release|Any CPU = Release|Any CPU
	EndGlobalSection
	GlobalSection(ProjectConfigurationPlatforms) = postSolution
		{7C64E643-301E-4B67-A207-2D78F53B32B5}.Debug|Any CPU.ActiveCfg = Debug|Any CPU
		{7C64E643-301E-4B67-A207-2D78F53B32B5}.Debug|Any CPU.Build.0 = Debug|Any CPU
		{7C64E643-301E-4B67-A207-2D78F53B32B5}.Release|Any CPU.ActiveCfg = Release|Any CPU
		{7C64E643-301E-4B67-A207-2D78F53B32B5}.Release|Any CPU.Build.0 = Release|Any CPU
	EndGlobalSection
	GlobalSection(SolutionProperties) = preSolution
		HideSolutionNode = FALSE
	EndGlobalSection
	GlobalSection(ExtensibilityGlobals) = postSolution
		SolutionGuid = {E484CE81-0BD2-486A-97BE-3B9CDEBD9492}
	EndGlobalSection
EndGlobal
